
Microsoft Visual Studio Solution File, Format Version 12.00
# Visual Studio Version 16
VisualStudioVersion = 16.0.30114.105
MinimumVisualStudioVersion = 10.0.40219.1
Project("{9A19103F-16F7-4668-BE54-9A1E7A4F7556}") = "ESourcing.Products", "ESourcing.Products\ESourcing.Products.csproj", "{A86E6D4E-F02D-4290-930C-5F8BF79918D9}"
EndProject
Project("{2150E333-8FDC-42A3-9474-1A3956D46DE8}") = "Products", "Products", "{63A93000-DC8A-4E19-A2DB-04CA6FFE6F9E}"
EndProject
Project("{2150E333-8FDC-42A3-9474-1A3956D46DE8}") = "src", "src", "{8A024E6F-780B-4EC4-B93B-5EEAE5B4DC85}"
EndProject
Project("{2150E333-8FDC-42A3-9474-1A3956D46DE8}") = "ApiGateway", "ApiGateway", "{D3EFD561-AD61-493A-9966-CB0C552A1DAA}"
EndProject
Project("{2150E333-8FDC-42A3-9474-1A3956D46DE8}") = "Services", "Services", "{C3C18831-3078-4283-887B-CA0021066D89}"
EndProject
Project("{2150E333-8FDC-42A3-9474-1A3956D46DE8}") = "WebApp", "WebApp", "{EBF2EEEA-C6EC-473D-8520-CF8682775B0A}"
EndProject
Project("{2150E333-8FDC-42A3-9474-1A3956D46DE8}") = "Common", "Common", "{856060E1-7E0D-41DB-A802-993F10F02A02}"
EndProject
Project("{2150E333-8FDC-42A3-9474-1A3956D46DE8}") = "Order", "Order", "{48057418-87AF-4BF0-BFB5-9488F9672681}"
EndProject
Project("{2150E333-8FDC-42A3-9474-1A3956D46DE8}") = "Sourcing", "Sourcing", "{47E890E8-011D-4653-9B76-47C8606FF5C0}"
EndProject
Project("{E53339B2-1760-4266-BCC7-CA923CBCF16C}") = "docker-compose", "docker-compose.dcproj", "{99BBDF62-B70E-44EE-A4DE-6642D0D53F00}"
EndProject
Project("{9A19103F-16F7-4668-BE54-9A1E7A4F7556}") = "ESourcing.Sourcing", "ESourcing.Sourcing\ESourcing.Sourcing.csproj", "{C35BC8B9-EE90-4D6C-8C25-5BF98F0E9652}"
EndProject
Project("{9A19103F-16F7-4668-BE54-9A1E7A4F7556}") = "EventBusRabbitMQ", "EventBusRabbitMQ\EventBusRabbitMQ.csproj", "{56A686EE-9837-4DE6-AED4-1223895A1403}"
EndProject
Project("{9A19103F-16F7-4668-BE54-9A1E7A4F7556}") = "Ordering.Domain", "Ordering.Domain\Ordering.Domain.csproj", "{727078CB-E4EE-4E01-8482-B903F9E4F9FE}"
EndProject
Project("{9A19103F-16F7-4668-BE54-9A1E7A4F7556}") = "Ordering.Infrastructure", "Ordering.Infrastructure\Ordering.Infrastructure.csproj", "{BFEDDEF9-02B1-43DF-B906-9D2FA2194C69}"
EndProject
Project("{9A19103F-16F7-4668-BE54-9A1E7A4F7556}") = "Ordering.Application", "Ordering.Application\Ordering.Application.csproj", "{6457C352-47B6-47FA-B603-AD6370208049}"
EndProject
Project("{9A19103F-16F7-4668-BE54-9A1E7A4F7556}") = "ESourcing.Order", "ESourcing.Order\ESourcing.Order.csproj", "{E261F855-1A92-43BD-BD6A-A2B917E12E32}"
EndProject
Project("{9A19103F-16F7-4668-BE54-9A1E7A4F7556}") = "ESourcing.APIGateway", "ESourcing.APIGateway\ESourcing.APIGateway.csproj", "{0E3A72BC-F7A7-465C-A958-251060B2D62D}"
EndProject
Project("{FAE04EC0-301F-11D3-BF4B-00C04F79EFBC}") = "ESourcing.Core", "ESourcing.Core\ESourcing.Core.csproj", "{7610CC16-7FCF-4438-B3DC-5B4BE5148306}"
EndProject
Project("{FAE04EC0-301F-11D3-BF4B-00C04F79EFBC}") = "ESourcing.Infrastracture", "ESourcing.Infrastracture\ESourcing.Infrastracture.csproj", "{8D63C5EB-C5BA-4D7A-908D-0E9B1C7801DF}"
EndProject
Project("{FAE04EC0-301F-11D3-BF4B-00C04F79EFBC}") = "ESourcing.UI", "ESourcing.UI\ESourcing.UI.csproj", "{236B1A9C-9D93-4180-B77F-0C2C143BFC09}"
EndProject
Global
	GlobalSection(SolutionConfigurationPlatforms) = preSolution
		Debug|Any CPU = Debug|Any CPU
		Debug|x64 = Debug|x64
		Debug|x86 = Debug|x86
		Release|Any CPU = Release|Any CPU
		Release|x64 = Release|x64
		Release|x86 = Release|x86
	EndGlobalSection
	GlobalSection(ProjectConfigurationPlatforms) = postSolution
		{A86E6D4E-F02D-4290-930C-5F8BF79918D9}.Debug|Any CPU.ActiveCfg = Debug|Any CPU
		{A86E6D4E-F02D-4290-930C-5F8BF79918D9}.Debug|Any CPU.Build.0 = Debug|Any CPU
		{A86E6D4E-F02D-4290-930C-5F8BF79918D9}.Debug|x64.ActiveCfg = Debug|Any CPU
		{A86E6D4E-F02D-4290-930C-5F8BF79918D9}.Debug|x64.Build.0 = Debug|Any CPU
		{A86E6D4E-F02D-4290-930C-5F8BF79918D9}.Debug|x86.ActiveCfg = Debug|Any CPU
		{A86E6D4E-F02D-4290-930C-5F8BF79918D9}.Debug|x86.Build.0 = Debug|Any CPU
		{A86E6D4E-F02D-4290-930C-5F8BF79918D9}.Release|Any CPU.ActiveCfg = Release|Any CPU
		{A86E6D4E-F02D-4290-930C-5F8BF79918D9}.Release|Any CPU.Build.0 = Release|Any CPU
		{A86E6D4E-F02D-4290-930C-5F8BF79918D9}.Release|x64.ActiveCfg = Release|Any CPU
		{A86E6D4E-F02D-4290-930C-5F8BF79918D9}.Release|x64.Build.0 = Release|Any CPU
		{A86E6D4E-F02D-4290-930C-5F8BF79918D9}.Release|x86.ActiveCfg = Release|Any CPU
		{A86E6D4E-F02D-4290-930C-5F8BF79918D9}.Release|x86.Build.0 = Release|Any CPU
		{99BBDF62-B70E-44EE-A4DE-6642D0D53F00}.Debug|Any CPU.ActiveCfg = Debug|Any CPU
		{99BBDF62-B70E-44EE-A4DE-6642D0D53F00}.Debug|Any CPU.Build.0 = Debug|Any CPU
		{99BBDF62-B70E-44EE-A4DE-6642D0D53F00}.Debug|x64.ActiveCfg = Debug|Any CPU
		{99BBDF62-B70E-44EE-A4DE-6642D0D53F00}.Debug|x64.Build.0 = Debug|Any CPU
		{99BBDF62-B70E-44EE-A4DE-6642D0D53F00}.Debug|x86.ActiveCfg = Debug|Any CPU
		{99BBDF62-B70E-44EE-A4DE-6642D0D53F00}.Debug|x86.Build.0 = Debug|Any CPU
		{99BBDF62-B70E-44EE-A4DE-6642D0D53F00}.Release|Any CPU.ActiveCfg = Release|Any CPU
		{99BBDF62-B70E-44EE-A4DE-6642D0D53F00}.Release|Any CPU.Build.0 = Release|Any CPU
		{99BBDF62-B70E-44EE-A4DE-6642D0D53F00}.Release|x64.ActiveCfg = Release|Any CPU
		{99BBDF62-B70E-44EE-A4DE-6642D0D53F00}.Release|x64.Build.0 = Release|Any CPU
		{99BBDF62-B70E-44EE-A4DE-6642D0D53F00}.Release|x86.ActiveCfg = Release|Any CPU
		{99BBDF62-B70E-44EE-A4DE-6642D0D53F00}.Release|x86.Build.0 = Release|Any CPU
		{C35BC8B9-EE90-4D6C-8C25-5BF98F0E9652}.Debug|Any CPU.ActiveCfg = Debug|Any CPU
		{C35BC8B9-EE90-4D6C-8C25-5BF98F0E9652}.Debug|Any CPU.Build.0 = Debug|Any CPU
		{C35BC8B9-EE90-4D6C-8C25-5BF98F0E9652}.Debug|x64.ActiveCfg = Debug|Any CPU
		{C35BC8B9-EE90-4D6C-8C25-5BF98F0E9652}.Debug|x64.Build.0 = Debug|Any CPU
		{C35BC8B9-EE90-4D6C-8C25-5BF98F0E9652}.Debug|x86.ActiveCfg = Debug|Any CPU
		{C35BC8B9-EE90-4D6C-8C25-5BF98F0E9652}.Debug|x86.Build.0 = Debug|Any CPU
		{C35BC8B9-EE90-4D6C-8C25-5BF98F0E9652}.Release|Any CPU.ActiveCfg = Release|Any CPU
		{C35BC8B9-EE90-4D6C-8C25-5BF98F0E9652}.Release|Any CPU.Build.0 = Release|Any CPU
		{C35BC8B9-EE90-4D6C-8C25-5BF98F0E9652}.Release|x64.ActiveCfg = Release|Any CPU
		{C35BC8B9-EE90-4D6C-8C25-5BF98F0E9652}.Release|x64.Build.0 = Release|Any CPU
		{C35BC8B9-EE90-4D6C-8C25-5BF98F0E9652}.Release|x86.ActiveCfg = Release|Any CPU
		{C35BC8B9-EE90-4D6C-8C25-5BF98F0E9652}.Release|x86.Build.0 = Release|Any CPU
		{56A686EE-9837-4DE6-AED4-1223895A1403}.Debug|Any CPU.ActiveCfg = Debug|Any CPU
		{56A686EE-9837-4DE6-AED4-1223895A1403}.Debug|Any CPU.Build.0 = Debug|Any CPU
		{56A686EE-9837-4DE6-AED4-1223895A1403}.Debug|x64.ActiveCfg = Debug|Any CPU
		{56A686EE-9837-4DE6-AED4-1223895A1403}.Debug|x64.Build.0 = Debug|Any CPU
		{56A686EE-9837-4DE6-AED4-1223895A1403}.Debug|x86.ActiveCfg = Debug|Any CPU
		{56A686EE-9837-4DE6-AED4-1223895A1403}.Debug|x86.Build.0 = Debug|Any CPU
		{56A686EE-9837-4DE6-AED4-1223895A1403}.Release|Any CPU.ActiveCfg = Release|Any CPU
		{56A686EE-9837-4DE6-AED4-1223895A1403}.Release|Any CPU.Build.0 = Release|Any CPU
		{56A686EE-9837-4DE6-AED4-1223895A1403}.Release|x64.ActiveCfg = Release|Any CPU
		{56A686EE-9837-4DE6-AED4-1223895A1403}.Release|x64.Build.0 = Release|Any CPU
		{56A686EE-9837-4DE6-AED4-1223895A1403}.Release|x86.ActiveCfg = Release|Any CPU
		{56A686EE-9837-4DE6-AED4-1223895A1403}.Release|x86.Build.0 = Release|Any CPU
		{727078CB-E4EE-4E01-8482-B903F9E4F9FE}.Debug|Any CPU.ActiveCfg = Debug|Any CPU
		{727078CB-E4EE-4E01-8482-B903F9E4F9FE}.Debug|Any CPU.Build.0 = Debug|Any CPU
		{727078CB-E4EE-4E01-8482-B903F9E4F9FE}.Debug|x64.ActiveCfg = Debug|Any CPU
		{727078CB-E4EE-4E01-8482-B903F9E4F9FE}.Debug|x64.Build.0 = Debug|Any CPU
		{727078CB-E4EE-4E01-8482-B903F9E4F9FE}.Debug|x86.ActiveCfg = Debug|Any CPU
		{727078CB-E4EE-4E01-8482-B903F9E4F9FE}.Debug|x86.Build.0 = Debug|Any CPU
		{727078CB-E4EE-4E01-8482-B903F9E4F9FE}.Release|Any CPU.ActiveCfg = Release|Any CPU
		{727078CB-E4EE-4E01-8482-B903F9E4F9FE}.Release|Any CPU.Build.0 = Release|Any CPU
		{727078CB-E4EE-4E01-8482-B903F9E4F9FE}.Release|x64.ActiveCfg = Release|Any CPU
		{727078CB-E4EE-4E01-8482-B903F9E4F9FE}.Release|x64.Build.0 = Release|Any CPU
		{727078CB-E4EE-4E01-8482-B903F9E4F9FE}.Release|x86.ActiveCfg = Release|Any CPU
		{727078CB-E4EE-4E01-8482-B903F9E4F9FE}.Release|x86.Build.0 = Release|Any CPU
		{BFEDDEF9-02B1-43DF-B906-9D2FA2194C69}.Debug|Any CPU.ActiveCfg = Debug|Any CPU
		{BFEDDEF9-02B1-43DF-B906-9D2FA2194C69}.Debug|Any CPU.Build.0 = Debug|Any CPU
		{BFEDDEF9-02B1-43DF-B906-9D2FA2194C69}.Debug|x64.ActiveCfg = Debug|Any CPU
		{BFEDDEF9-02B1-43DF-B906-9D2FA2194C69}.Debug|x64.Build.0 = Debug|Any CPU
		{BFEDDEF9-02B1-43DF-B906-9D2FA2194C69}.Debug|x86.ActiveCfg = Debug|Any CPU
		{BFEDDEF9-02B1-43DF-B906-9D2FA2194C69}.Debug|x86.Build.0 = Debug|Any CPU
		{BFEDDEF9-02B1-43DF-B906-9D2FA2194C69}.Release|Any CPU.ActiveCfg = Release|Any CPU
		{BFEDDEF9-02B1-43DF-B906-9D2FA2194C69}.Release|Any CPU.Build.0 = Release|Any CPU
		{BFEDDEF9-02B1-43DF-B906-9D2FA2194C69}.Release|x64.ActiveCfg = Release|Any CPU
		{BFEDDEF9-02B1-43DF-B906-9D2FA2194C69}.Release|x64.Build.0 = Release|Any CPU
		{BFEDDEF9-02B1-43DF-B906-9D2FA2194C69}.Release|x86.ActiveCfg = Release|Any CPU
		{BFEDDEF9-02B1-43DF-B906-9D2FA2194C69}.Release|x86.Build.0 = Release|Any CPU
		{6457C352-47B6-47FA-B603-AD6370208049}.Debug|Any CPU.ActiveCfg = Debug|Any CPU
		{6457C352-47B6-47FA-B603-AD6370208049}.Debug|Any CPU.Build.0 = Debug|Any CPU
		{6457C352-47B6-47FA-B603-AD6370208049}.Debug|x64.ActiveCfg = Debug|Any CPU
		{6457C352-47B6-47FA-B603-AD6370208049}.Debug|x64.Build.0 = Debug|Any CPU
		{6457C352-47B6-47FA-B603-AD6370208049}.Debug|x86.ActiveCfg = Debug|Any CPU
		{6457C352-47B6-47FA-B603-AD6370208049}.Debug|x86.Build.0 = Debug|Any CPU
		{6457C352-47B6-47FA-B603-AD6370208049}.Release|Any CPU.ActiveCfg = Release|Any CPU
		{6457C352-47B6-47FA-B603-AD6370208049}.Release|Any CPU.Build.0 = Release|Any CPU
		{6457C352-47B6-47FA-B603-AD6370208049}.Release|x64.ActiveCfg = Release|Any CPU
		{6457C352-47B6-47FA-B603-AD6370208049}.Release|x64.Build.0 = Release|Any CPU
		{6457C352-47B6-47FA-B603-AD6370208049}.Release|x86.ActiveCfg = Release|Any CPU
		{6457C352-47B6-47FA-B603-AD6370208049}.Release|x86.Build.0 = Release|Any CPU
		{E261F855-1A92-43BD-BD6A-A2B917E12E32}.Debug|Any CPU.ActiveCfg = Debug|Any CPU
		{E261F855-1A92-43BD-BD6A-A2B917E12E32}.Debug|Any CPU.Build.0 = Debug|Any CPU
		{E261F855-1A92-43BD-BD6A-A2B917E12E32}.Debug|x64.ActiveCfg = Debug|Any CPU
		{E261F855-1A92-43BD-BD6A-A2B917E12E32}.Debug|x64.Build.0 = Debug|Any CPU
		{E261F855-1A92-43BD-BD6A-A2B917E12E32}.Debug|x86.ActiveCfg = Debug|Any CPU
		{E261F855-1A92-43BD-BD6A-A2B917E12E32}.Debug|x86.Build.0 = Debug|Any CPU
		{E261F855-1A92-43BD-BD6A-A2B917E12E32}.Release|Any CPU.ActiveCfg = Release|Any CPU
		{E261F855-1A92-43BD-BD6A-A2B917E12E32}.Release|Any CPU.Build.0 = Release|Any CPU
		{E261F855-1A92-43BD-BD6A-A2B917E12E32}.Release|x64.ActiveCfg = Release|Any CPU
		{E261F855-1A92-43BD-BD6A-A2B917E12E32}.Release|x64.Build.0 = Release|Any CPU
		{E261F855-1A92-43BD-BD6A-A2B917E12E32}.Release|x86.ActiveCfg = Release|Any CPU
		{E261F855-1A92-43BD-BD6A-A2B917E12E32}.Release|x86.Build.0 = Release|Any CPU
		{0E3A72BC-F7A7-465C-A958-251060B2D62D}.Debug|Any CPU.ActiveCfg = Debug|Any CPU
		{0E3A72BC-F7A7-465C-A958-251060B2D62D}.Debug|Any CPU.Build.0 = Debug|Any CPU
		{0E3A72BC-F7A7-465C-A958-251060B2D62D}.Debug|x64.ActiveCfg = Debug|Any CPU
		{0E3A72BC-F7A7-465C-A958-251060B2D62D}.Debug|x64.Build.0 = Debug|Any CPU
		{0E3A72BC-F7A7-465C-A958-251060B2D62D}.Debug|x86.ActiveCfg = Debug|Any CPU
		{0E3A72BC-F7A7-465C-A958-251060B2D62D}.Debug|x86.Build.0 = Debug|Any CPU
		{0E3A72BC-F7A7-465C-A958-251060B2D62D}.Release|Any CPU.ActiveCfg = Release|Any CPU
		{0E3A72BC-F7A7-465C-A958-251060B2D62D}.Release|Any CPU.Build.0 = Release|Any CPU
		{0E3A72BC-F7A7-465C-A958-251060B2D62D}.Release|x64.ActiveCfg = Release|Any CPU
		{0E3A72BC-F7A7-465C-A958-251060B2D62D}.Release|x64.Build.0 = Release|Any CPU
		{0E3A72BC-F7A7-465C-A958-251060B2D62D}.Release|x86.ActiveCfg = Release|Any CPU
		{0E3A72BC-F7A7-465C-A958-251060B2D62D}.Release|x86.Build.0 = Release|Any CPU
		{7610CC16-7FCF-4438-B3DC-5B4BE5148306}.Debug|Any CPU.ActiveCfg = Debug|Any CPU
		{7610CC16-7FCF-4438-B3DC-5B4BE5148306}.Debug|Any CPU.Build.0 = Debug|Any CPU
		{7610CC16-7FCF-4438-B3DC-5B4BE5148306}.Debug|x64.ActiveCfg = Debug|Any CPU
		{7610CC16-7FCF-4438-B3DC-5B4BE5148306}.Debug|x64.Build.0 = Debug|Any CPU
		{7610CC16-7FCF-4438-B3DC-5B4BE5148306}.Debug|x86.ActiveCfg = Debug|Any CPU
		{7610CC16-7FCF-4438-B3DC-5B4BE5148306}.Debug|x86.Build.0 = Debug|Any CPU
		{7610CC16-7FCF-4438-B3DC-5B4BE5148306}.Release|Any CPU.ActiveCfg = Release|Any CPU
		{7610CC16-7FCF-4438-B3DC-5B4BE5148306}.Release|Any CPU.Build.0 = Release|Any CPU
		{7610CC16-7FCF-4438-B3DC-5B4BE5148306}.Release|x64.ActiveCfg = Release|Any CPU
		{7610CC16-7FCF-4438-B3DC-5B4BE5148306}.Release|x64.Build.0 = Release|Any CPU
		{7610CC16-7FCF-4438-B3DC-5B4BE5148306}.Release|x86.ActiveCfg = Release|Any CPU
		{7610CC16-7FCF-4438-B3DC-5B4BE5148306}.Release|x86.Build.0 = Release|Any CPU
		{8D63C5EB-C5BA-4D7A-908D-0E9B1C7801DF}.Debug|Any CPU.ActiveCfg = Debug|Any CPU
		{8D63C5EB-C5BA-4D7A-908D-0E9B1C7801DF}.Debug|Any CPU.Build.0 = Debug|Any CPU
		{8D63C5EB-C5BA-4D7A-908D-0E9B1C7801DF}.Debug|x64.ActiveCfg = Debug|Any CPU
		{8D63C5EB-C5BA-4D7A-908D-0E9B1C7801DF}.Debug|x64.Build.0 = Debug|Any CPU
		{8D63C5EB-C5BA-4D7A-908D-0E9B1C7801DF}.Debug|x86.ActiveCfg = Debug|Any CPU
		{8D63C5EB-C5BA-4D7A-908D-0E9B1C7801DF}.Debug|x86.Build.0 = Debug|Any CPU
		{8D63C5EB-C5BA-4D7A-908D-0E9B1C7801DF}.Release|Any CPU.ActiveCfg = Release|Any CPU
		{8D63C5EB-C5BA-4D7A-908D-0E9B1C7801DF}.Release|Any CPU.Build.0 = Release|Any CPU
		{8D63C5EB-C5BA-4D7A-908D-0E9B1C7801DF}.Release|x64.ActiveCfg = Release|Any CPU
		{8D63C5EB-C5BA-4D7A-908D-0E9B1C7801DF}.Release|x64.Build.0 = Release|Any CPU
		{8D63C5EB-C5BA-4D7A-908D-0E9B1C7801DF}.Release|x86.ActiveCfg = Release|Any CPU
		{8D63C5EB-C5BA-4D7A-908D-0E9B1C7801DF}.Release|x86.Build.0 = Release|Any CPU
		{236B1A9C-9D93-4180-B77F-0C2C143BFC09}.Debug|Any CPU.ActiveCfg = Debug|Any CPU
		{236B1A9C-9D93-4180-B77F-0C2C143BFC09}.Debug|Any CPU.Build.0 = Debug|Any CPU
		{236B1A9C-9D93-4180-B77F-0C2C143BFC09}.Debug|x64.ActiveCfg = Debug|Any CPU
		{236B1A9C-9D93-4180-B77F-0C2C143BFC09}.Debug|x64.Build.0 = Debug|Any CPU
		{236B1A9C-9D93-4180-B77F-0C2C143BFC09}.Debug|x86.ActiveCfg = Debug|Any CPU
		{236B1A9C-9D93-4180-B77F-0C2C143BFC09}.Debug|x86.Build.0 = Debug|Any CPU
		{236B1A9C-9D93-4180-B77F-0C2C143BFC09}.Release|Any CPU.ActiveCfg = Release|Any CPU
		{236B1A9C-9D93-4180-B77F-0C2C143BFC09}.Release|Any CPU.Build.0 = Release|Any CPU
		{236B1A9C-9D93-4180-B77F-0C2C143BFC09}.Release|x64.ActiveCfg = Release|Any CPU
		{236B1A9C-9D93-4180-B77F-0C2C143BFC09}.Release|x64.Build.0 = Release|Any CPU
		{236B1A9C-9D93-4180-B77F-0C2C143BFC09}.Release|x86.ActiveCfg = Release|Any CPU
		{236B1A9C-9D93-4180-B77F-0C2C143BFC09}.Release|x86.Build.0 = Release|Any CPU
	EndGlobalSection
	GlobalSection(SolutionProperties) = preSolution
		HideSolutionNode = FALSE
	EndGlobalSection
	GlobalSection(NestedProjects) = preSolution
		{A86E6D4E-F02D-4290-930C-5F8BF79918D9} = {63A93000-DC8A-4E19-A2DB-04CA6FFE6F9E}
		{63A93000-DC8A-4E19-A2DB-04CA6FFE6F9E} = {C3C18831-3078-4283-887B-CA0021066D89}
		{D3EFD561-AD61-493A-9966-CB0C552A1DAA} = {8A024E6F-780B-4EC4-B93B-5EEAE5B4DC85}
		{C3C18831-3078-4283-887B-CA0021066D89} = {8A024E6F-780B-4EC4-B93B-5EEAE5B4DC85}
		{EBF2EEEA-C6EC-473D-8520-CF8682775B0A} = {8A024E6F-780B-4EC4-B93B-5EEAE5B4DC85}
		{856060E1-7E0D-41DB-A802-993F10F02A02} = {C3C18831-3078-4283-887B-CA0021066D89}
		{48057418-87AF-4BF0-BFB5-9488F9672681} = {C3C18831-3078-4283-887B-CA0021066D89}
		{47E890E8-011D-4653-9B76-47C8606FF5C0} = {C3C18831-3078-4283-887B-CA0021066D89}
		{C35BC8B9-EE90-4D6C-8C25-5BF98F0E9652} = {47E890E8-011D-4653-9B76-47C8606FF5C0}
		{56A686EE-9837-4DE6-AED4-1223895A1403} = {856060E1-7E0D-41DB-A802-993F10F02A02}
		{727078CB-E4EE-4E01-8482-B903F9E4F9FE} = {48057418-87AF-4BF0-BFB5-9488F9672681}
		{BFEDDEF9-02B1-43DF-B906-9D2FA2194C69} = {48057418-87AF-4BF0-BFB5-9488F9672681}
		{6457C352-47B6-47FA-B603-AD6370208049} = {48057418-87AF-4BF0-BFB5-9488F9672681}
		{E261F855-1A92-43BD-BD6A-A2B917E12E32} = {48057418-87AF-4BF0-BFB5-9488F9672681}
		{0E3A72BC-F7A7-465C-A958-251060B2D62D} = {D3EFD561-AD61-493A-9966-CB0C552A1DAA}
		{7610CC16-7FCF-4438-B3DC-5B4BE5148306} = {EBF2EEEA-C6EC-473D-8520-CF8682775B0A}
		{8D63C5EB-C5BA-4D7A-908D-0E9B1C7801DF} = {EBF2EEEA-C6EC-473D-8520-CF8682775B0A}
		{236B1A9C-9D93-4180-B77F-0C2C143BFC09} = {EBF2EEEA-C6EC-473D-8520-CF8682775B0A}
	EndGlobalSection
	GlobalSection(ExtensibilityGlobals) = postSolution
		SolutionGuid = {3DCEDD20-C523-4C97-8789-A6C6FE69A926}
	EndGlobalSection
EndGlobal
